
Microsoft Visual Studio Solution File, Format Version 12.00
# Visual Studio Version 16
VisualStudioVersion = 16.0.30011.22
MinimumVisualStudioVersion = 10.0.40219.1
Project("{FAE04EC0-301F-11D3-BF4B-00C04F79EFBC}") = "SalesWebMvc", "SalesWebMvc\SalesWebMvc.csproj", "{64E0BE8A-6E8B-482E-BEAC-99452FA6B9AF}"
EndProject
Global
	GlobalSection(SolutionConfigurationPlatforms) = preSolution
		Debug|Any CPU = Debug|Any CPU
		Release|Any CPU = Release|Any CPU
	EndGlobalSection
	GlobalSection(ProjectConfigurationPlatforms) = postSolution
		{64E0BE8A-6E8B-482E-BEAC-99452FA6B9AF}.Debug|Any CPU.ActiveCfg = Debug|Any CPU
		{64E0BE8A-6E8B-482E-BEAC-99452FA6B9AF}.Debug|Any CPU.Build.0 = Debug|Any CPU
		{64E0BE8A-6E8B-482E-BEAC-99452FA6B9AF}.Release|Any CPU.ActiveCfg = Release|Any CPU
		{64E0BE8A-6E8B-482E-BEAC-99452FA6B9AF}.Release|Any CPU.Build.0 = Release|Any CPU
	EndGlobalSection
	GlobalSection(SolutionProperties) = preSolution
		HideSolutionNode = FALSE
	EndGlobalSection
	GlobalSection(ExtensibilityGlobals) = postSolution
		SolutionGuid = {8F09FD25-A8C4-463E-8C30-7459190F55B2}
	EndGlobalSection
EndGlobal
